
Microsoft Visual Studio Solution File, Format Version 12.00
# Visual Studio Version 17
VisualStudioVersion = 17.14.37411.7
MinimumVisualStudioVersion = 10.0.40219.1
Project("{FAE04EC0-301F-11D3-BF4B-00C04F79EFBC}") = "LocalAIAssistant_App", "LocalAIAssistant_App\LocalAIAssistant_App.csproj", "{FF87645A-7388-499D-8A42-F208910C9FB2}"
EndProject
Project("{FAE04EC0-301F-11D3-BF4B-00C04F79EFBC}") = "LocalAIAssistant.Core", "LocalAIAssistant.Core\LocalAIAssistant.Core.csproj", "{C870AB44-BD2A-4DBB-AF2F-ABD0163DE8BA}"
EndProject
Global
	GlobalSection(SolutionConfigurationPlatforms) = preSolution
		Debug|Any CPU = Debug|Any CPU
		Release|Any CPU = Release|Any CPU
	EndGlobalSection
	GlobalSection(ProjectConfigurationPlatforms) = postSolution
		{FF87645A-7388-499D-8A42-F208910C9FB2}.Debug|Any CPU.ActiveCfg = Debug|Any CPU
		{FF87645A-7388-499D-8A42-F208910C9FB2}.Debug|Any CPU.Build.0 = Debug|Any CPU
		{FF87645A-7388-499D-8A42-F208910C9FB2}.Release|Any CPU.ActiveCfg = Release|Any CPU
		{FF87645A-7388-499D-8A42-F208910C9FB2}.Release|Any CPU.Build.0 = Release|Any CPU
		{C870AB44-BD2A-4DBB-AF2F-ABD0163DE8BA}.Debug|Any CPU.ActiveCfg = Debug|Any CPU
		{C870AB44-BD2A-4DBB-AF2F-ABD0163DE8BA}.Debug|Any CPU.Build.0 = Debug|Any CPU
		{C870AB44-BD2A-4DBB-AF2F-ABD0163DE8BA}.Release|Any CPU.ActiveCfg = Release|Any CPU
		{C870AB44-BD2A-4DBB-AF2F-ABD0163DE8BA}.Release|Any CPU.Build.0 = Release|Any CPU
	EndGlobalSection
	GlobalSection(SolutionProperties) = preSolution
		HideSolutionNode = FALSE
	EndGlobalSection
	GlobalSection(ExtensibilityGlobals) = postSolution
		SolutionGuid = {7349D556-D09D-4D11-B569-A4868598C15B}
	EndGlobalSection
EndGlobal
